
Microsoft Visual Studio Solution File, Format Version 12.00
# Visual Studio Version 16
VisualStudioVersion = 16.0.31005.135
MinimumVisualStudioVersion = 10.0.40219.1
Project("{FAE04EC0-301F-11D3-BF4B-00C04F79EFBC}") = "SWZOS", "SWZOS\SWZOS.csproj", "{756725CA-3482-4377-84C7-A1734435EEB8}"
EndProject
Project("{FAE04EC0-301F-11D3-BF4B-00C04F79EFBC}") = "SWZOS_Database", "SWZOS_Database\SWZOS_Database.csproj", "{1B962008-CCB7-4C11-ACDD-C39CE2AE794B}"
EndProject
Global
	GlobalSection(SolutionConfigurationPlatforms) = preSolution
		Debug|Any CPU = Debug|Any CPU
		Release|Any CPU = Release|Any CPU
	EndGlobalSection
	GlobalSection(ProjectConfigurationPlatforms) = postSolution
		{756725CA-3482-4377-84C7-A1734435EEB8}.Debug|Any CPU.ActiveCfg = Debug|Any CPU
		{756725CA-3482-4377-84C7-A1734435EEB8}.Debug|Any CPU.Build.0 = Debug|Any CPU
		{756725CA-3482-4377-84C7-A1734435EEB8}.Release|Any CPU.ActiveCfg = Release|Any CPU
		{756725CA-3482-4377-84C7-A1734435EEB8}.Release|Any CPU.Build.0 = Release|Any CPU
		{1B962008-CCB7-4C11-ACDD-C39CE2AE794B}.Debug|Any CPU.ActiveCfg = Debug|Any CPU
		{1B962008-CCB7-4C11-ACDD-C39CE2AE794B}.Debug|Any CPU.Build.0 = Debug|Any CPU
		{1B962008-CCB7-4C11-ACDD-C39CE2AE794B}.Release|Any CPU.ActiveCfg = Release|Any CPU
		{1B962008-CCB7-4C11-ACDD-C39CE2AE794B}.Release|Any CPU.Build.0 = Release|Any CPU
	EndGlobalSection
	GlobalSection(SolutionProperties) = preSolution
		HideSolutionNode = FALSE
	EndGlobalSection
	GlobalSection(ExtensibilityGlobals) = postSolution
		SolutionGuid = {4308364A-E43E-4AEE-9025-E59E0A27A970}
	EndGlobalSection
EndGlobal
